{
  "requires": true,
  "lockfileVersion": 1,
  "dependencies": {
    "angular-auth-oidc-client": {
      "version": "4.1.0",
      "resolved": "https://registry.npmjs.org/angular-auth-oidc-client/-/angular-auth-oidc-client-4.1.0.tgz",
      "integrity": "sha512-epCA8wEqY3EBRYcPSz/ratds9fENVsuqbX+9P41J8zv9Vfr2wR6OENmPcKrJbFblYznvY7infOeOmoRAeSxyRg==",
      "requires": {
        "jsrsasign": "8.0.3"
      }
    },
    "jsrsasign": {
      "version": "8.0.3",
      "resolved": "https://registry.npmjs.org/jsrsasign/-/jsrsasign-8.0.3.tgz",
      "integrity": "sha1-BAF7FFL19+9s//BT/t5NOXr8iRA="
    }
  }
}
